# @generated - this file is auto-generated by `mise lock` https://mise.en.dev/dev-tools/mise-lock.html

[[tools."asdf:dex4er/asdf-helm-diff"]]
version = "3.15.7"
backend = "asdf:dex4er/asdf-helm-diff"

[[tools.ctlptl]]
version = "0.9.3"
backend = "aqua:tilt-dev/ctlptl"

[tools.ctlptl."platforms.linux-arm64"]
checksum = "sha256:0361e76d6bdf55b58d8f8a6115d5fec5f74d0e375cac35fdef4cbd8b49c541a1"
url = "https://github.com/tilt-dev/ctlptl/releases/download/v0.9.3/ctlptl.0.9.3.linux.arm64.tar.gz"

[tools.ctlptl."platforms.linux-x64"]
checksum = "sha256:c5130e27e367750f7d813558720921391233c98f35d6c3221793890b872769db"
url = "https://github.com/tilt-dev/ctlptl/releases/download/v0.9.3/ctlptl.0.9.3.linux.x86_64.tar.gz"

[tools.ctlptl."platforms.macos-arm64"]
checksum = "sha256:ca047959bdad2cdc225879b26ae1b4be6c608053712587f1f5a53bb4cbd79f32"
url = "https://github.com/tilt-dev/ctlptl/releases/download/v0.9.3/ctlptl.0.9.3.mac.arm64.tar.gz"

[tools.ctlptl."platforms.macos-x64"]
checksum = "sha256:68761b8768b4cddb849790ca320a3e99e2b470af86e1828392966944cdeaed74"
url = "https://github.com/tilt-dev/ctlptl/releases/download/v0.9.3/ctlptl.0.9.3.mac.x86_64.tar.gz"

[tools.ctlptl."platforms.windows-x64"]
checksum = "sha256:846c019df0437ab2565c416d22bd4557f805ffff26f924ce3bd63c731b36270e"
url = "https://github.com/tilt-dev/ctlptl/releases/download/v0.9.3/ctlptl.0.9.3.windows.x86_64.zip"

[[tools.helm]]
version = "4.2.2"
backend = "aqua:helm/helm"

[tools.helm."platforms.linux-arm64"]
checksum = "sha256:78803142087a0069fa4b50d3f32a84d3ef25c14d1ee8a40fbccf86a6216d2f36"
url = "https://get.helm.sh/helm-v4.2.2-linux-arm64.tar.gz"

[tools.helm."platforms.linux-x64"]
checksum = "sha256:9adafecab4d406853bba163a70e9f104f47dbbf65ce24b7653bae7e36150bcb6"
url = "https://get.helm.sh/helm-v4.2.2-linux-amd64.tar.gz"

[tools.helm."platforms.macos-arm64"]
checksum = "sha256:5410a0dae3d5d91f45653b161260d9301aabc4ae80ae50a6605d66884b6df8ea"
url = "https://get.helm.sh/helm-v4.2.2-darwin-arm64.tar.gz"

[tools.helm."platforms.macos-x64"]
checksum = "sha256:10c1e36ee8c5f2e2ee25a16599cb03ab74c0953cd889cacb980a49ba4b6574ba"
url = "https://get.helm.sh/helm-v4.2.2-darwin-amd64.tar.gz"

[tools.helm."platforms.windows-x64"]
checksum = "sha256:29589dad546f8bcd3a6ad92261fcb4a6c9db4a32f9e4fc4f5212db189553dc60"
url = "https://get.helm.sh/helm-v4.2.2-windows-amd64.tar.gz"

[[tools.kind]]
version = "0.31.0"
backend = "aqua:kubernetes-sigs/kind"

[tools.kind."platforms.linux-arm64"]
checksum = "sha256:8e1014e87c34901cc422a1445866835d1e666f2a61301c27e722bdeab5a1f7e4"
url = "https://github.com/kubernetes-sigs/kind/releases/download/v0.31.0/kind-linux-arm64"

[tools.kind."platforms.linux-x64"]
checksum = "sha256:eb244cbafcc157dff60cf68693c14c9a75c4e6e6fedaf9cd71c58117cb93e3fa"
url = "https://github.com/kubernetes-sigs/kind/releases/download/v0.31.0/kind-linux-amd64"

[tools.kind."platforms.macos-arm64"]
checksum = "sha256:88bf554fe9da6311c9f8c2d082613c002911a476f6b5090e9420b35d84e70c5c"
url = "https://github.com/kubernetes-sigs/kind/releases/download/v0.31.0/kind-darwin-arm64"

[tools.kind."platforms.macos-x64"]
checksum = "sha256:a8b3cf77b2ad77aec5bf710d1a2589d9117576132af812885cad41e9dede4d4e"
url = "https://github.com/kubernetes-sigs/kind/releases/download/v0.31.0/kind-darwin-amd64"

[tools.kind."platforms.windows-x64"]
checksum = "sha256:2c3a9ff954de16244380778683cf99e271bfc2fac9c6c4e797e4623c45e59d9d"
url = "https://github.com/kubernetes-sigs/kind/releases/download/v0.31.0/kind-windows-amd64"

[[tools.kubectl]]
version = "1.36.0"
backend = "aqua:kubernetes/kubernetes/kubectl"

[tools.kubectl."platforms.linux-arm64"]
checksum = "sha256:9f9d9c44a7b5264515ac9da5991584e2395bd50662e651132337e7b4d0c56f8f"
url = "https://dl.k8s.io/v1.36.0/bin/linux/arm64/kubectl"

[tools.kubectl."platforms.linux-x64"]
checksum = "sha256:123d8c8844f46b1244c547fffb3c17180c0c26dac9890589fe7e67763298748e"
url = "https://dl.k8s.io/v1.36.0/bin/linux/amd64/kubectl"

[tools.kubectl."platforms.macos-arm64"]
checksum = "sha256:4bcf268eacdc1d2df74e37d86f639f27ca7dea3ae185b7b452b73b9fb5ddc14e"
url = "https://dl.k8s.io/v1.36.0/bin/darwin/arm64/kubectl"

[tools.kubectl."platforms.macos-x64"]
checksum = "sha256:06d7e9a3a26a326d43102c70b19f9d233db219d09890e558dbdc3647db732f06"
url = "https://dl.k8s.io/v1.36.0/bin/darwin/amd64/kubectl"

[tools.kubectl."platforms.windows-x64"]
checksum = "sha256:9abf2164fe79d9d80185ff5085f6154eda9d21793ee18fa8dff34dfffffed36d"
url = "https://dl.k8s.io/v1.36.0/bin/windows/amd64/kubectl.exe"

[[tools.tilt]]
version = "0.37.3"
backend = "aqua:tilt-dev/tilt"

[tools.tilt."platforms.linux-arm64"]
checksum = "sha256:826f48198f368ef5edb684e9ae4c87ff76eca84c904f72b2376b29b93bffc019"
url = "https://github.com/tilt-dev/tilt/releases/download/v0.37.3/tilt.0.37.3.linux.arm64.tar.gz"

[tools.tilt."platforms.linux-x64"]
checksum = "sha256:e90bc6cf70882bc7579d8174a27cab2de0284612ec7339e4b32f669cd5de4e5c"
url = "https://github.com/tilt-dev/tilt/releases/download/v0.37.3/tilt.0.37.3.linux.x86_64.tar.gz"

[tools.tilt."platforms.macos-arm64"]
checksum = "sha256:4d1f4e604aa5ca65a2df0d19c9e9b351cf9703be886f52fa5f3afd317d968ffd"
url = "https://github.com/tilt-dev/tilt/releases/download/v0.37.3/tilt.0.37.3.mac.arm64.tar.gz"

[tools.tilt."platforms.macos-x64"]
checksum = "sha256:c8e2b58fb7efdec9ae7e3fc4249b4f662dc6520eabe8efcac84b80856f20d31b"
url = "https://github.com/tilt-dev/tilt/releases/download/v0.37.3/tilt.0.37.3.mac.x86_64.tar.gz"

[tools.tilt."platforms.windows-x64"]
checksum = "sha256:9e6cf1696618397a43fc4c80627d42a1ef65937a863ac1a57aa8cf78e077409e"
url = "https://github.com/tilt-dev/tilt/releases/download/v0.37.3/tilt.0.37.3.windows.x86_64.zip"
