# @generated - this file is auto-generated by `mise lock` https://mise.en.dev/dev-tools/mise-lock.html

[[tools."asdf:dex4er/asdf-helm-diff"]]
version = "3.15.7"
backend = "asdf:dex4er/asdf-helm-diff"

[[tools.cosign]]
version = "3.1.3"
backend = "aqua:sigstore/cosign"

[tools.cosign."platforms.linux-arm64"]
checksum = "sha256:c5d324e091826b0d7a78eb16fef316450b4eb9aaec045611c08ba06f5e73220a"
url = "https://github.com/sigstore/cosign/releases/download/v3.1.3/cosign-linux-arm64"
url_api = "https://api.github.com/repos/sigstore/cosign/releases/assets/503286299"
provenance = "cosign"

[tools.cosign."platforms.linux-arm64-musl"]
checksum = "sha256:c5d324e091826b0d7a78eb16fef316450b4eb9aaec045611c08ba06f5e73220a"
url = "https://github.com/sigstore/cosign/releases/download/v3.1.3/cosign-linux-arm64"
url_api = "https://api.github.com/repos/sigstore/cosign/releases/assets/503286299"
provenance = "cosign"

[tools.cosign."platforms.linux-x64"]
checksum = "sha256:4629c757b7618056f8ddd7e2625ae9fdd94c0372a65049520bc7d9df9efc7f71"
url = "https://github.com/sigstore/cosign/releases/download/v3.1.3/cosign-linux-amd64"
url_api = "https://api.github.com/repos/sigstore/cosign/releases/assets/503286005"
provenance = "cosign"

[tools.cosign."platforms.linux-x64-musl"]
checksum = "sha256:4629c757b7618056f8ddd7e2625ae9fdd94c0372a65049520bc7d9df9efc7f71"
url = "https://github.com/sigstore/cosign/releases/download/v3.1.3/cosign-linux-amd64"
url_api = "https://api.github.com/repos/sigstore/cosign/releases/assets/503286005"
provenance = "cosign"

[tools.cosign."platforms.macos-arm64"]
checksum = "sha256:5cf948c2f4dfe59687bdd0b8523709067383e03982cc543475c8a7dc70e92a76"
url = "https://github.com/sigstore/cosign/releases/download/v3.1.3/cosign-darwin-arm64"
url_api = "https://api.github.com/repos/sigstore/cosign/releases/assets/503286205"
provenance = "cosign"

[tools.cosign."platforms.macos-x64"]
checksum = "sha256:2347488e5d5b25336644024dfeca5601b190e91197a71a917bda44744aff106c"
url = "https://github.com/sigstore/cosign/releases/download/v3.1.3/cosign-darwin-amd64"
url_api = "https://api.github.com/repos/sigstore/cosign/releases/assets/503286177"
provenance = "cosign"

[tools.cosign."platforms.windows-x64"]
checksum = "sha256:9fe59be0eca1271873ce019061335eb1ac419b7059202e797828467ddabe33be"
url = "https://github.com/sigstore/cosign/releases/download/v3.1.3/cosign-windows-amd64.exe"
url_api = "https://api.github.com/repos/sigstore/cosign/releases/assets/503286236"
provenance = "cosign"

[[tools.ctlptl]]
version = "0.9.5"
backend = "aqua:tilt-dev/ctlptl"

[tools.ctlptl."platforms.linux-arm64"]
checksum = "sha256:6096babbc4a7998fd3d2d8fee9c7a51efc2435e22e7a8dc990bb815587d03704"
url = "https://github.com/tilt-dev/ctlptl/releases/download/v0.9.5/ctlptl.0.9.5.linux.arm64.tar.gz"
url_api = "https://api.github.com/repos/tilt-dev/ctlptl/releases/assets/531634205"

[tools.ctlptl."platforms.linux-arm64-musl"]
checksum = "sha256:6096babbc4a7998fd3d2d8fee9c7a51efc2435e22e7a8dc990bb815587d03704"
url = "https://github.com/tilt-dev/ctlptl/releases/download/v0.9.5/ctlptl.0.9.5.linux.arm64.tar.gz"
url_api = "https://api.github.com/repos/tilt-dev/ctlptl/releases/assets/531634205"

[tools.ctlptl."platforms.linux-x64"]
checksum = "sha256:cf5f0f918c34de069047706448d825015843beb1a829ec3ab2d3b81f6e309d18"
url = "https://github.com/tilt-dev/ctlptl/releases/download/v0.9.5/ctlptl.0.9.5.linux.x86_64.tar.gz"
url_api = "https://api.github.com/repos/tilt-dev/ctlptl/releases/assets/531634161"

[tools.ctlptl."platforms.linux-x64-musl"]
checksum = "sha256:cf5f0f918c34de069047706448d825015843beb1a829ec3ab2d3b81f6e309d18"
url = "https://github.com/tilt-dev/ctlptl/releases/download/v0.9.5/ctlptl.0.9.5.linux.x86_64.tar.gz"
url_api = "https://api.github.com/repos/tilt-dev/ctlptl/releases/assets/531634161"

[tools.ctlptl."platforms.macos-arm64"]
checksum = "sha256:58261c33d32407ccbb69ca8445cc9d014e399e585f966fdd833ccee3b304751a"
url = "https://github.com/tilt-dev/ctlptl/releases/download/v0.9.5/ctlptl.0.9.5.mac.arm64.tar.gz"
url_api = "https://api.github.com/repos/tilt-dev/ctlptl/releases/assets/531634160"

[tools.ctlptl."platforms.macos-x64"]
checksum = "sha256:d26b3fb661412b84c69d5ce2a740e1fd380d91730e3ee54b36a7268d20ed8c60"
url = "https://github.com/tilt-dev/ctlptl/releases/download/v0.9.5/ctlptl.0.9.5.mac.x86_64.tar.gz"
url_api = "https://api.github.com/repos/tilt-dev/ctlptl/releases/assets/531634216"

[tools.ctlptl."platforms.windows-x64"]
checksum = "sha256:12663e6fdc94aca4452b0b4c1a2c85f3782b73a57230f9cf7a0ffb196ec54f09"
url = "https://github.com/tilt-dev/ctlptl/releases/download/v0.9.5/ctlptl.0.9.5.windows.x86_64.zip"
url_api = "https://api.github.com/repos/tilt-dev/ctlptl/releases/assets/531634206"

[[tools.helm]]
version = "4.2.4"
backend = "aqua:helm/helm"

[tools.helm."platforms.linux-arm64"]
checksum = "sha256:564de2191b881e9f71b5606b25345821ea1682f06ab90499d3ab22b530176da1"
url = "https://get.helm.sh/helm-v4.2.4-linux-arm64.tar.gz"

[tools.helm."platforms.linux-arm64-musl"]
checksum = "sha256:564de2191b881e9f71b5606b25345821ea1682f06ab90499d3ab22b530176da1"
url = "https://get.helm.sh/helm-v4.2.4-linux-arm64.tar.gz"

[tools.helm."platforms.linux-x64"]
checksum = "sha256:c306b46f719b0a4da32d0f78ee21bf90ce8d602f15b22ab753f0674d1670a7f3"
url = "https://get.helm.sh/helm-v4.2.4-linux-amd64.tar.gz"

[tools.helm."platforms.linux-x64-musl"]
checksum = "sha256:c306b46f719b0a4da32d0f78ee21bf90ce8d602f15b22ab753f0674d1670a7f3"
url = "https://get.helm.sh/helm-v4.2.4-linux-amd64.tar.gz"

[tools.helm."platforms.macos-arm64"]
checksum = "sha256:d747eb4e28bd2727173d15b759fa0a17822291ec09db7ced3d55af290a3661a2"
url = "https://get.helm.sh/helm-v4.2.4-darwin-arm64.tar.gz"

[tools.helm."platforms.macos-x64"]
checksum = "sha256:6c163d687ca03c3b5c01928e53bbbcf9518278f47ce7a2f249a5a08e8bdaa2bc"
url = "https://get.helm.sh/helm-v4.2.4-darwin-amd64.tar.gz"

[tools.helm."platforms.windows-x64"]
checksum = "sha256:38cbdab1c7d4f0412d571c3aeefc700bcdc7b663be481832a11dfed01ee67c36"
url = "https://get.helm.sh/helm-v4.2.4-windows-amd64.tar.gz"

[[tools.kind]]
version = "0.33.0"
backend = "aqua:kubernetes-sigs/kind"

[tools.kind."platforms.linux-arm64"]
checksum = "sha256:20022bee6cfcd5086cb7234d218e3454e6090022f2a8f55d1fa7fcf42c3867a2"
url = "https://github.com/kubernetes-sigs/kind/releases/download/v0.33.0/kind-linux-arm64"
url_api = "https://api.github.com/repos/kubernetes-sigs/kind/releases/assets/531396478"

[tools.kind."platforms.linux-arm64-musl"]
checksum = "sha256:20022bee6cfcd5086cb7234d218e3454e6090022f2a8f55d1fa7fcf42c3867a2"
url = "https://github.com/kubernetes-sigs/kind/releases/download/v0.33.0/kind-linux-arm64"
url_api = "https://api.github.com/repos/kubernetes-sigs/kind/releases/assets/531396478"

[tools.kind."platforms.linux-x64"]
checksum = "sha256:aee6151561422756b764a4ae28e7f44cda5af5a9eead3cc9985112b1de8d8e0d"
url = "https://github.com/kubernetes-sigs/kind/releases/download/v0.33.0/kind-linux-amd64"
url_api = "https://api.github.com/repos/kubernetes-sigs/kind/releases/assets/531396433"

[tools.kind."platforms.linux-x64-musl"]
checksum = "sha256:aee6151561422756b764a4ae28e7f44cda5af5a9eead3cc9985112b1de8d8e0d"
url = "https://github.com/kubernetes-sigs/kind/releases/download/v0.33.0/kind-linux-amd64"
url_api = "https://api.github.com/repos/kubernetes-sigs/kind/releases/assets/531396433"

[tools.kind."platforms.macos-arm64"]
checksum = "sha256:0c8c7dbe5e23594a198b786c4bc13dacc101fa6196b0cb0b23a1ca44e61f4b4f"
url = "https://github.com/kubernetes-sigs/kind/releases/download/v0.33.0/kind-darwin-arm64"
url_api = "https://api.github.com/repos/kubernetes-sigs/kind/releases/assets/531396417"

[tools.kind."platforms.macos-x64"]
checksum = "sha256:5a99f26f57246dc9319dd294803313197a0f34d33c525b3ea8b655db5916ece0"
url = "https://github.com/kubernetes-sigs/kind/releases/download/v0.33.0/kind-darwin-amd64"
url_api = "https://api.github.com/repos/kubernetes-sigs/kind/releases/assets/531396367"

[tools.kind."platforms.windows-x64"]
checksum = "sha256:4b22adaa135368c5a465d56bbd8e520cbea87272a06ca00b6078e7b81515c9fc"
url = "https://github.com/kubernetes-sigs/kind/releases/download/v0.33.0/kind-windows-amd64"
url_api = "https://api.github.com/repos/kubernetes-sigs/kind/releases/assets/531396499"

[[tools.kubectl]]
version = "1.37.0"
backend = "aqua:kubernetes/kubernetes/kubectl"

[tools.kubectl."platforms.linux-arm64"]
checksum = "sha256:922df28df248cc00a9e025f947704f1d1482de64ece54cfe57e61f19eaf1eef3"
url = "https://dl.k8s.io/v1.37.0/bin/linux/arm64/kubectl"

[tools.kubectl."platforms.linux-arm64-musl"]
checksum = "sha256:922df28df248cc00a9e025f947704f1d1482de64ece54cfe57e61f19eaf1eef3"
url = "https://dl.k8s.io/v1.37.0/bin/linux/arm64/kubectl"

[tools.kubectl."platforms.linux-x64"]
checksum = "sha256:6129359f4e1f3848a5572ccb0b26cf28b8ca08cef38c95a765b2f64a2c961a2f"
url = "https://dl.k8s.io/v1.37.0/bin/linux/amd64/kubectl"

[tools.kubectl."platforms.linux-x64-musl"]
checksum = "sha256:6129359f4e1f3848a5572ccb0b26cf28b8ca08cef38c95a765b2f64a2c961a2f"
url = "https://dl.k8s.io/v1.37.0/bin/linux/amd64/kubectl"

[tools.kubectl."platforms.macos-arm64"]
checksum = "sha256:583beedaebe422e71d3f1a96acef8b1fef86ea2f09a45ad01aa6c9ce287c1380"
url = "https://dl.k8s.io/v1.37.0/bin/darwin/arm64/kubectl"

[tools.kubectl."platforms.macos-x64"]
checksum = "sha256:d5276c0f4fde77fc446070290f345944a7f1fda153df6b960e5fde93b7a9bccd"
url = "https://dl.k8s.io/v1.37.0/bin/darwin/amd64/kubectl"

[tools.kubectl."platforms.windows-x64"]
checksum = "sha256:4721b614a67bb4932a0369e61f4a323d8c6ca00943d3a2ff14837c124da06f0e"
url = "https://dl.k8s.io/v1.37.0/bin/windows/amd64/kubectl.exe"

[[tools.oras]]
version = "1.3.4"
backend = "aqua:oras-project/oras"

[tools.oras."platforms.linux-arm64"]
checksum = "sha256:15702c6e3a4a56a8bd8ac5c17efdbcab56d9bada661ccbcf017f5b10c1d89399"
url = "https://github.com/oras-project/oras/releases/download/v1.3.4/oras_1.3.4_linux_arm64.tar.gz"
url_api = "https://api.github.com/repos/oras-project/oras/releases/assets/532778558"

[tools.oras."platforms.linux-arm64-musl"]
checksum = "sha256:15702c6e3a4a56a8bd8ac5c17efdbcab56d9bada661ccbcf017f5b10c1d89399"
url = "https://github.com/oras-project/oras/releases/download/v1.3.4/oras_1.3.4_linux_arm64.tar.gz"
url_api = "https://api.github.com/repos/oras-project/oras/releases/assets/532778558"

[tools.oras."platforms.linux-x64"]
checksum = "sha256:f27adb935022d94df8dc77719c322dda592c78a0d57a6f7dcdd8d900b248c454"
url = "https://github.com/oras-project/oras/releases/download/v1.3.4/oras_1.3.4_linux_amd64.tar.gz"
url_api = "https://api.github.com/repos/oras-project/oras/releases/assets/532778544"

[tools.oras."platforms.linux-x64-musl"]
checksum = "sha256:f27adb935022d94df8dc77719c322dda592c78a0d57a6f7dcdd8d900b248c454"
url = "https://github.com/oras-project/oras/releases/download/v1.3.4/oras_1.3.4_linux_amd64.tar.gz"
url_api = "https://api.github.com/repos/oras-project/oras/releases/assets/532778544"

[tools.oras."platforms.macos-arm64"]
checksum = "sha256:217761a9500242ff473de8656b5aca21136ff39e17e9e61fd8936bbfd902704c"
url = "https://github.com/oras-project/oras/releases/download/v1.3.4/oras_1.3.4_darwin_arm64.tar.gz"
url_api = "https://api.github.com/repos/oras-project/oras/releases/assets/532778559"

[tools.oras."platforms.macos-x64"]
checksum = "sha256:5e964f3d5a36eb9499a9d3e252a86b09e7adf3e6f6447eec56fd249c6702af7e"
url = "https://github.com/oras-project/oras/releases/download/v1.3.4/oras_1.3.4_darwin_amd64.tar.gz"
url_api = "https://api.github.com/repos/oras-project/oras/releases/assets/532778545"

[tools.oras."platforms.windows-x64"]
checksum = "sha256:ffdb6aa40267686b5d507da1f21a57fc502a9a7c86b90c54557d335644c99dbd"
url = "https://github.com/oras-project/oras/releases/download/v1.3.4/oras_1.3.4_windows_amd64.zip"
url_api = "https://api.github.com/repos/oras-project/oras/releases/assets/532778547"

[[tools.tilt]]
version = "0.37.7"
backend = "aqua:tilt-dev/tilt"

[tools.tilt."platforms.linux-arm64"]
checksum = "sha256:9f381347fa18ffca3f1d3dcdd3f6745281a6647e6107199832ceaa62a461964a"
url = "https://github.com/tilt-dev/tilt/releases/download/v0.37.7/tilt.0.37.7.linux.arm64.tar.gz"
url_api = "https://api.github.com/repos/tilt-dev/tilt/releases/assets/515151327"

[tools.tilt."platforms.linux-arm64-musl"]
checksum = "sha256:9f381347fa18ffca3f1d3dcdd3f6745281a6647e6107199832ceaa62a461964a"
url = "https://github.com/tilt-dev/tilt/releases/download/v0.37.7/tilt.0.37.7.linux.arm64.tar.gz"
url_api = "https://api.github.com/repos/tilt-dev/tilt/releases/assets/515151327"

[tools.tilt."platforms.linux-x64"]
checksum = "sha256:b695193fab68def8310cb971fa60bbe47ba0a782e24f54ebad287c13316a61b0"
url = "https://github.com/tilt-dev/tilt/releases/download/v0.37.7/tilt.0.37.7.linux.x86_64.tar.gz"
url_api = "https://api.github.com/repos/tilt-dev/tilt/releases/assets/515151324"

[tools.tilt."platforms.linux-x64-musl"]
checksum = "sha256:b695193fab68def8310cb971fa60bbe47ba0a782e24f54ebad287c13316a61b0"
url = "https://github.com/tilt-dev/tilt/releases/download/v0.37.7/tilt.0.37.7.linux.x86_64.tar.gz"
url_api = "https://api.github.com/repos/tilt-dev/tilt/releases/assets/515151324"

[tools.tilt."platforms.macos-arm64"]
checksum = "sha256:7f54afff29cae67e2751c13df00a66d56f6fbc4463573089059ba673cf128687"
url = "https://github.com/tilt-dev/tilt/releases/download/v0.37.7/tilt.0.37.7.mac.arm64.tar.gz"
url_api = "https://api.github.com/repos/tilt-dev/tilt/releases/assets/515151344"

[tools.tilt."platforms.macos-x64"]
checksum = "sha256:2022e675f9a32cdc651e8096a12caa38720be2d692d7347798607873a107fd61"
url = "https://github.com/tilt-dev/tilt/releases/download/v0.37.7/tilt.0.37.7.mac.x86_64.tar.gz"
url_api = "https://api.github.com/repos/tilt-dev/tilt/releases/assets/515151325"

[tools.tilt."platforms.windows-x64"]
checksum = "sha256:8ca1a39cc8005c778aa237e42e21fd3c0be6c6e97e8e808257c82858b7e69ad7"
url = "https://github.com/tilt-dev/tilt/releases/download/v0.37.7/tilt.0.37.7.windows.x86_64.zip"
url_api = "https://api.github.com/repos/tilt-dev/tilt/releases/assets/515151326"

[[tools."ubi:yshavit/mdq"]]
version = "0.10.0"
backend = "ubi:yshavit/mdq"

[[tools.yq]]
version = "4.53.6"
backend = "aqua:mikefarah/yq"

[tools.yq."platforms.linux-arm64"]
checksum = "sha256:88a1016bc1d657375a35864e4f44b6f333df8ff97b559f51bba0adcb2169df09"
url = "https://github.com/mikefarah/yq/releases/download/v4.53.6/yq_linux_arm64"
url_api = "https://api.github.com/repos/mikefarah/yq/releases/assets/522028007"
provenance = "cosign"

[tools.yq."platforms.linux-arm64-musl"]
checksum = "sha256:88a1016bc1d657375a35864e4f44b6f333df8ff97b559f51bba0adcb2169df09"
url = "https://github.com/mikefarah/yq/releases/download/v4.53.6/yq_linux_arm64"
url_api = "https://api.github.com/repos/mikefarah/yq/releases/assets/522028007"
provenance = "cosign"

[tools.yq."platforms.linux-x64"]
checksum = "sha256:c5f056448f973ae7d39b5401949648a78f2dc1947d6a8eb65be60d5c504b9385"
url = "https://github.com/mikefarah/yq/releases/download/v4.53.6/yq_linux_amd64"
url_api = "https://api.github.com/repos/mikefarah/yq/releases/assets/522028022"
provenance = "cosign"

[tools.yq."platforms.linux-x64-musl"]
checksum = "sha256:c5f056448f973ae7d39b5401949648a78f2dc1947d6a8eb65be60d5c504b9385"
url = "https://github.com/mikefarah/yq/releases/download/v4.53.6/yq_linux_amd64"
url_api = "https://api.github.com/repos/mikefarah/yq/releases/assets/522028022"
provenance = "cosign"

[tools.yq."platforms.macos-arm64"]
checksum = "sha256:cceb0b8d71ea5294334121f8429f33f92b920e7217d904a2f9f35443968ac424"
url = "https://github.com/mikefarah/yq/releases/download/v4.53.6/yq_darwin_arm64"
url_api = "https://api.github.com/repos/mikefarah/yq/releases/assets/522028033"
provenance = "cosign"

[tools.yq."platforms.macos-x64"]
checksum = "sha256:caa513cb04f3804b34d4752f0e0d7904fecb9e7cf1d34081289f83259319a7f6"
url = "https://github.com/mikefarah/yq/releases/download/v4.53.6/yq_darwin_amd64"
url_api = "https://api.github.com/repos/mikefarah/yq/releases/assets/522028031"
provenance = "cosign"

[tools.yq."platforms.windows-x64"]
checksum = "sha256:ece3dd8bb50d39f93610506273ea262feb91e5c486bbddbb10abf91b2a6c0f14"
url = "https://github.com/mikefarah/yq/releases/download/v4.53.6/yq_windows_amd64.exe"
url_api = "https://api.github.com/repos/mikefarah/yq/releases/assets/522027974"
provenance = "cosign"
